// !$*UTF8*$!
{
	archiveVersion = 1;
	classes = {
	};
	objectVersion = 46;
	objects = {

/* Begin PBXBuildFile section */
		8D3254DA1BDB203300B2D7E8 /* AppDelegate.swift in Sources */ = {isa = PBXBuildFile; fileRef = 8D3254D91BDB203300B2D7E8 /* AppDelegate.swift */; };
		8D3254DC1BDB203300B2D7E8 /* RecordSoundsViewController.swift in Sources */ = {isa = PBXBuildFile; fileRef = 8D3254DB1BDB203300B2D7E8 /* RecordSoundsViewController.swift */; };
		8D3254DF1BDB203300B2D7E8 /* Main.storyboard in Resources */ = {isa = PBXBuildFile; fileRef = 8D3254DD1BDB203300B2D7E8 /* Main.storyboard */; };
		8D3254E11BDB203300B2D7E8 /* Assets.xcassets in Resources */ = {isa = PBXBuildFile; fileRef = 8D3254E01BDB203300B2D7E8 /* Assets.xcassets */; };
		8D3254E41BDB203300B2D7E8 /* LaunchScreen.storyboard in Resources */ = {isa = PBXBuildFile; fileRef = 8D3254E21BDB203300B2D7E8 /* LaunchScreen.storyboard */; };
		8D3254EF1BDB203300B2D7E8 /* PitchPerfectTests.swift in Sources */ = {isa = PBXBuildFile; fileRef = 8D3254EE1BDB203300B2D7E8 /* PitchPerfectTests.swift */; };
		8D3254FA1BDB203300B2D7E8 /* PitchPerfectUITests.swift in Sources */ = {isa = PBXBuildFile; fileRef = 8D3254F91BDB203300B2D7E8 /* PitchPerfectUITests.swift */; };
		8D3255081BDB2E6400B2D7E8 /* PlaySoundsViewController.swift in Sources */ = {isa = PBXBuildFile; fileRef = 8D3255071BDB2E6400B2D7E8 /* PlaySoundsViewController.swift */; };
		8D32550A1BDB318E00B2D7E8 /* movie_quote.mp3 in Resources */ = {isa = PBXBuildFile; fileRef = 8D3255091BDB318E00B2D7E8 /* movie_quote.mp3 */; };
		8DCC7D6A1BDC0B5C005D3CAC /* RecordedAudio.swift in Sources */ = {isa = PBXBuildFile; fileRef = 8DCC7D691BDC0B5C005D3CAC /* RecordedAudio.swift */; };
/* End PBXBuildFile section */

/* Begin PBXContainerItemProxy section */
		8D3254EB1BDB203300B2D7E8 /* PBXContainerItemProxy */ = {
			isa = PBXContainerItemProxy;
			containerPortal = 8D3254CE1BDB203200B2D7E8 /* Project object */;
			proxyType = 1;
			remoteGlobalIDString = 8D3254D51BDB203200B2D7E8;
			remoteInfo = PitchPerfect;
		};
		8D3254F61BDB203300B2D7E8 /* PBXContainerItemProxy */ = {
			isa = PBXContainerItemProxy;
			containerPortal = 8D3254CE1BDB203200B2D7E8 /* Project object */;
			proxyType = 1;
			remoteGlobalIDString = 8D3254D51BDB203200B2D7E8;
			remoteInfo = PitchPerfect;
		};
/* End PBXContainerItemProxy section */

/* Begin PBXFileReference section */
		8D3254D61BDB203300B2D7E8 /* PitchPerfect.app */ = {isa = PBXFileReference; explicitFileType = wrapper.application; includeInIndex = 0; path = PitchPerfect.app; sourceTree = BUILT_PRODUCTS_DIR; };
		8D3254D91BDB203300B2D7E8 /* AppDelegate.swift */ = {isa = PBXFileReference; lastKnownFileType = sourcecode.swift; path = AppDelegate.swift; sourceTree = "<group>"; };
		8D3254DB1BDB203300B2D7E8 /* RecordSoundsViewController.swift */ = {isa = PBXFileReference; lastKnownFileType = sourcecode.swift; path = RecordSoundsViewController.swift; sourceTree = "<group>"; };
		8D3254DE1BDB203300B2D7E8 /* Base */ = {isa = PBXFileReference; lastKnownFileType = file.storyboard; name = Base; path = Base.lproj/Main.storyboard; sourceTree = "<group>"; };
		8D3254E01BDB203300B2D7E8 /* Assets.xcassets */ = {isa = PBXFileReference; lastKnownFileType = folder.assetcatalog; path = Assets.xcassets; sourceTree = "<group>"; };
		8D3254E31BDB203300B2D7E8 /* Base */ = {isa = PBXFileReference; lastKnownFileType = file.storyboard; name = Base; path = Base.lproj/LaunchScreen.storyboard; sourceTree = "<group>"; };
		8D3254E51BDB203300B2D7E8 /* Info.plist */ = {isa = PBXFileReference; lastKnownFileType = text.plist.xml; path = Info.plist; sourceTree = "<group>"; };
		8D3254EA1BDB203300B2D7E8 /* PitchPerfectTests.xctest */ = {isa = PBXFileReference; explicitFileType = wrapper.cfbundle; includeInIndex = 0; path = PitchPerfectTests.xctest; sourceTree = BUILT_PRODUCTS_DIR; };
		8D3254EE1BDB203300B2D7E8 /* PitchPerfectTests.swift */ = {isa = PBXFileReference; lastKnownFileType = sourcecode.swift; path = PitchPerfectTests.swift; sourceTree = "<group>"; };
		8D3254F01BDB203300B2D7E8 /* Info.plist */ = {isa = PBXFileReference; lastKnownFileType = text.plist.xml; path = Info.plist; sourceTree = "<group>"; };
		8D3254F51BDB203300B2D7E8 /* PitchPerfectUITests.xctest */ = {isa = PBXFileReference; explicitFileType = wrapper.cfbundle; includeInIndex = 0; path = PitchPerfectUITests.xctest; sourceTree = BUILT_PRODUCTS_DIR; };
		8D3254F91BDB203300B2D7E8 /* PitchPerfectUITests.swift */ = {isa = PBXFileReference; lastKnownFileType = sourcecode.swift; path = PitchPerfectUITests.swift; sourceTree = "<group>"; };
		8D3254FB1BDB203300B2D7E8 /* Info.plist */ = {isa = PBXFileReference; lastKnownFileType = text.plist.xml; path = Info.plist; sourceTree = "<group>"; };
		8D3255071BDB2E6400B2D7E8 /* PlaySoundsViewController.swift */ = {isa = PBXFileReference; fileEncoding = 4; lastKnownFileType = sourcecode.swift; path = PlaySoundsViewController.swift; sourceTree = "<group>"; };
		8D3255091BDB318E00B2D7E8 /* movie_quote.mp3 */ = {isa = PBXFileReference; lastKnownFileType = audio.mp3; path = movie_quote.mp3; sourceTree = "<group>"; };
		8DCC7D691BDC0B5C005D3CAC /* RecordedAudio.swift */ = {isa = PBXFileReference; fileEncoding = 4; lastKnownFileType = sourcecode.swift; path = RecordedAudio.swift; sourceTree = "<group>"; };
/* End PBXFileReference section */

/* Begin PBXFrameworksBuildPhase section */
		8D3254D31BDB203200B2D7E8 /* Frameworks */ = {
			isa = PBXFrameworksBuildPhase;
			buildActionMask = 2147483647;
			files = (
			);
			runOnlyForDeploymentPostprocessing = 0;
		};
		8D3254E71BDB203300B2D7E8 /* Frameworks */ = {
			isa = PBXFrameworksBuildPhase;
			buildActionMask = 2147483647;
			files = (
			);
			runOnlyForDeploymentPostprocessing = 0;
		};
		8D3254F21BDB203300B2D7E8 /* Frameworks */ = {
			isa = PBXFrameworksBuildPhase;
			buildActionMask = 2147483647;
			files = (
			);
			runOnlyForDeploymentPostprocessing = 0;
		};
/* End PBXFrameworksBuildPhase section */

/* Begin PBXGroup section */
		8D3254CD1BDB203200B2D7E8 = {
			isa = PBXGroup;
			children = (
				8D3254D81BDB203300B2D7E8 /* PitchPerfect */,
				8D3254ED1BDB203300B2D7E8 /* PitchPerfectTests */,
				8D3254F81BDB203300B2D7E8 /* PitchPerfectUITests */,
				8D3254D71BDB203300B2D7E8 /* Products */,
			);
			sourceTree = "<group>";
		};
		8D3254D71BDB203300B2D7E8 /* Products */ = {
			isa = PBXGroup;
			children = (
				8D3254D61BDB203300B2D7E8 /* PitchPerfect.app */,
				8D3254EA1BDB203300B2D7E8 /* PitchPerfectTests.xctest */,
				8D3254F51BDB203300B2D7E8 /* PitchPerfectUITests.xctest */,
			);
			name = Products;
			sourceTree = "<group>";
		};
		8D3254D81BDB203300B2D7E8 /* PitchPerfect */ = {
			isa = PBXGroup;
			children = (
				8D3254D91BDB203300B2D7E8 /* AppDelegate.swift */,
				8D3254DB1BDB203300B2D7E8 /* RecordSoundsViewController.swift */,
				8D3254DD1BDB203300B2D7E8 /* Main.storyboard */,
				8DCC7D691BDC0B5C005D3CAC /* RecordedAudio.swift */,
				8D3255091BDB318E00B2D7E8 /* movie_quote.mp3 */,
				8D3255071BDB2E6400B2D7E8 /* PlaySoundsViewController.swift */,
				8D3254E01BDB203300B2D7E8 /* Assets.xcassets */,
				8D3254E21BDB203300B2D7E8 /* LaunchScreen.storyboard */,
				8D3254E51BDB203300B2D7E8 /* Info.plist */,
			);
			path = PitchPerfect;
			sourceTree = "<group>";
		};
		8D3254ED1BDB203300B2D7E8 /* PitchPerfectTests */ = {
			isa = PBXGroup;
			children = (
				8D3254EE1BDB203300B2D7E8 /* PitchPerfectTests.swift */,
				8D3254F01BDB203300B2D7E8 /* Info.plist */,
			);
			path = PitchPerfectTests;
			sourceTree = "<group>";
		};
		8D3254F81BDB203300B2D7E8 /* PitchPerfectUITests */ = {
			isa = PBXGroup;
			children = (
				8D3254F91BDB203300B2D7E8 /* PitchPerfectUITests.swift */,
				8D3254FB1BDB203300B2D7E8 /* Info.plist */,
			);
			path = PitchPerfectUITests;
			sourceTree = "<group>";
		};
/* End PBXGroup section */

/* Begin PBXNativeTarget section */
		8D3254D51BDB203200B2D7E8 /* PitchPerfect */ = {
			isa = PBXNativeTarget;
			buildConfigurationList = 8D3254FE1BDB203300B2D7E8 /* Build configuration list for PBXNativeTarget "PitchPerfect" */;
			buildPhases = (
				8D3254D21BDB203200B2D7E8 /* Sources */,
				8D3254D31BDB203200B2D7E8 /* Frameworks */,
				8D3254D41BDB203200B2D7E8 /* Resources */,
			);
			buildRules = (
			);
			dependencies = (
			);
			name = PitchPerfect;
			productName = PitchPerfect;
			productReference = 8D3254D61BDB203300B2D7E8 /* PitchPerfect.app */;
			productType = "com.apple.product-type.application";
		};
		8D3254E91BDB203300B2D7E8 /* PitchPerfectTests */ = {
			isa = PBXNativeTarget;
			buildConfigurationList = 8D3255011BDB203300B2D7E8 /* Build configuration list for PBXNativeTarget "PitchPerfectTests" */;
			buildPhases = (
				8D3254E61BDB203300B2D7E8 /* Sources */,
				8D3254E71BDB203300B2D7E8 /* Frameworks */,
				8D3254E81BDB203300B2D7E8 /* Resources */,
			);
			buildRules = (
			);
			dependencies = (
				8D3254EC1BDB203300B2D7E8 /* PBXTargetDependency */,
			);
			name = PitchPerfectTests;
			productName = PitchPerfectTests;
			productReference = 8D3254EA1BDB203300B2D7E8 /* PitchPerfectTests.xctest */;
			productType = "com.apple.product-type.bundle.unit-test";
		};
		8D3254F41BDB203300B2D7E8 /* PitchPerfectUITests */ = {
			isa = PBXNativeTarget;
			buildConfigurationList = 8D3255041BDB203300B2D7E8 /* Build configuration list for PBXNativeTarget "PitchPerfectUITests" */;
			buildPhases = (
				8D3254F11BDB203300B2D7E8 /* Sources */,
				8D3254F21BDB203300B2D7E8 /* Frameworks */,
				8D3254F31BDB203300B2D7E8 /* Resources */,
			);
			buildRules = (
			);
			dependencies = (
				8D3254F71BDB203300B2D7E8 /* PBXTargetDependency */,
			);
			name = PitchPerfectUITests;
			productName = PitchPerfectUITests;
			productReference = 8D3254F51BDB203300B2D7E8 /* PitchPerfectUITests.xctest */;
			productType = "com.apple.product-type.bundle.ui-testing";
		};
/* End PBXNativeTarget section */

/* Begin PBXProject section */
		8D3254CE1BDB203200B2D7E8 /* Project object */ = {
			isa = PBXProject;
			attributes = {
				LastSwiftUpdateCheck = 0710;
				LastUpgradeCheck = 0710;
				ORGANIZATIONNAME = "Clara Li";
				TargetAttributes = {
					8D3254D51BDB203200B2D7E8 = {
						CreatedOnToolsVersion = 7.1;
						DevelopmentTeam = SDSZC8674V;
					};
					8D3254E91BDB203300B2D7E8 = {
						CreatedOnToolsVersion = 7.1;
						DevelopmentTeam = SDSZC8674V;
						TestTargetID = 8D3254D51BDB203200B2D7E8;
					};
					8D3254F41BDB203300B2D7E8 = {
						CreatedOnToolsVersion = 7.1;
						DevelopmentTeam = SDSZC8674V;
						TestTargetID = 8D3254D51BDB203200B2D7E8;
					};
				};
			};
			buildConfigurationList = 8D3254D11BDB203200B2D7E8 /* Build configuration list for PBXProject "PitchPerfect" */;
			compatibilityVersion = "Xcode 3.2";
			developmentRegion = English;
			hasScannedForEncodings = 0;
			knownRegions = (
				en,
				Base,
			);
			mainGroup = 8D3254CD1BDB203200B2D7E8;
			productRefGroup = 8D3254D71BDB203300B2D7E8 /* Products */;
			projectDirPath = "";
			projectRoot = "";
			targets = (
				8D3254D51BDB203200B2D7E8 /* PitchPerfect */,
				8D3254E91BDB203300B2D7E8 /* PitchPerfectTests */,
				8D3254F41BDB203300B2D7E8 /* PitchPerfectUITests */,
			);
		};
/* End PBXProject section */

/* Begin PBXResourcesBuildPhase section */
		8D3254D41BDB203200B2D7E8 /* Resources */ = {
			isa = PBXResourcesBuildPhase;
			buildActionMask = 2147483647;
			files = (
				8D3254E41BDB203300B2D7E8 /* LaunchScreen.storyboard in Resources */,
				8D3254E11BDB203300B2D7E8 /* Assets.xcassets in Resources */,
				8D32550A1BDB318E00B2D7E8 /* movie_quote.mp3 in Resources */,
				8D3254DF1BDB203300B2D7E8 /* Main.storyboard in Resources */,
			);
			runOnlyForDeploymentPostprocessing = 0;
		};
		8D3254E81BDB203300B2D7E8 /* Resources */ = {
			isa = PBXResourcesBuildPhase;
			buildActionMask = 2147483647;
			files = (
			);
			runOnlyForDeploymentPostprocessing = 0;
		};
		8D3254F31BDB203300B2D7E8 /* Resources */ = {
			isa = PBXResourcesBuildPhase;
			buildActionMask = 2147483647;
			files = (
			);
			runOnlyForDeploymentPostprocessing = 0;
		};
/* End PBXResourcesBuildPhase section */

/* Begin PBXSourcesBuildPhase section */
		8D3254D21BDB203200B2D7E8 /* Sources */ = {
			isa = PBXSourcesBuildPhase;
			buildActionMask = 2147483647;
			files = (
				8D3254DC1BDB203300B2D7E8 /* RecordSoundsViewController.swift in Sources */,
				8DCC7D6A1BDC0B5C005D3CAC /* RecordedAudio.swift in Sources */,
				8D3255081BDB2E6400B2D7E8 /* PlaySoundsViewController.swift in Sources */,
				8D3254DA1BDB203300B2D7E8 /* AppDelegate.swift in Sources */,
			);
			runOnlyForDeploymentPostprocessing = 0;
		};
		8D3254E61BDB203300B2D7E8 /* Sources */ = {
			isa = PBXSourcesBuildPhase;
			buildActionMask = 2147483647;
			files = (
				8D3254EF1BDB203300B2D7E8 /* PitchPerfectTests.swift in Sources */,
			);
			runOnlyForDeploymentPostprocessing = 0;
		};
		8D3254F11BDB203300B2D7E8 /* Sources */ = {
			isa = PBXSourcesBuildPhase;
			buildActionMask = 2147483647;
			files = (
				8D3254FA1BDB203300B2D7E8 /* PitchPerfectUITests.swift in Sources */,
			);
			runOnlyForDeploymentPostprocessing = 0;
		};
/* End PBXSourcesBuildPhase section */

/* Begin PBXTargetDependency section */
		8D3254EC1BDB203300B2D7E8 /* PBXTargetDependency */ = {
			isa = PBXTargetDependency;
			target = 8D3254D51BDB203200B2D7E8 /* PitchPerfect */;
			targetProxy = 8D3254EB1BDB203300B2D7E8 /* PBXContainerItemProxy */;
		};
		8D3254F71BDB203300B2D7E8 /* PBXTargetDependency */ = {
			isa = PBXTargetDependency;
			target = 8D3254D51BDB203200B2D7E8 /* PitchPerfect */;
			targetProxy = 8D3254F61BDB203300B2D7E8 /* PBXContainerItemProxy */;
		};
/* End PBXTargetDependency section */

/* Begin PBXVariantGroup section */
		8D3254DD1BDB203300B2D7E8 /* Main.storyboard */ = {
			isa = PBXVariantGroup;
			children = (
				8D3254DE1BDB203300B2D7E8 /* Base */,
			);
			name = Main.storyboard;
			sourceTree = "<group>";
		};
		8D3254E21BDB203300B2D7E8 /* LaunchScreen.storyboard */ = {
			isa = PBXVariantGroup;
			children = (
				8D3254E31BDB203300B2D7E8 /* Base */,
			);
			name = LaunchScreen.storyboard;
			sourceTree = "<group>";
		};
/* End PBXVariantGroup section */

/* Begin XCBuildConfiguration section */
		8D3254FC1BDB203300B2D7E8 /* Debug */ = {
			isa = XCBuildConfiguration;
			buildSettings = {
				ALWAYS_SEARCH_USER_PATHS = NO;
				CLANG_CXX_LANGUAGE_STANDARD = "gnu++0x";
				CLANG_CXX_LIBRARY = "libc++";
				CLANG_ENABLE_MODULES = YES;
				CLANG_ENABLE_OBJC_ARC = YES;
				CLANG_WARN_BOOL_CONVERSION = YES;
				CLANG_WARN_CONSTANT_CONVERSION = YES;
				CLANG_WARN_DIRECT_OBJC_ISA_USAGE = YES_ERROR;
				CLANG_WARN_EMPTY_BODY = YES;
				CLANG_WARN_ENUM_CONVERSION = YES;
				CLANG_WARN_INT_CONVERSION = YES;
				CLANG_WARN_OBJC_ROOT_CLASS = YES_ERROR;
				CLANG_WARN_UNREACHABLE_CODE = YES;
				CLANG_WARN__DUPLICATE_METHOD_MATCH = YES;
				"CODE_SIGN_IDENTITY[sdk=iphoneos*]" = "iPhone Developer";
				COPY_PHASE_STRIP = NO;
				DEBUG_INFORMATION_FORMAT = dwarf;
				ENABLE_STRICT_OBJC_MSGSEND = YES;
				ENABLE_TESTABILITY = YES;
				GCC_C_LANGUAGE_STANDARD = gnu99;
				GCC_DYNAMIC_NO_PIC = NO;
				GCC_NO_COMMON_BLOCKS = YES;
				GCC_OPTIMIZATION_LEVEL = 0;
				GCC_PREPROCESSOR_DEFINITIONS = (
					"DEBUG=1",
					"$(inherited)",
				);
				GCC_WARN_64_TO_32_BIT_CONVERSION = YES;
				GCC_WARN_ABOUT_RETURN_TYPE = YES_ERROR;
				GCC_WARN_UNDECLARED_SELECTOR = YES;
				GCC_WARN_UNINITIALIZED_AUTOS = YES_AGGRESSIVE;
				GCC_WARN_UNUSED_FUNCTION = YES;
				GCC_WARN_UNUSED_VARIABLE = YES;
				IPHONEOS_DEPLOYMENT_TARGET = 9.1;
				MTL_ENABLE_DEBUG_INFO = YES;
				ONLY_ACTIVE_ARCH = YES;
				SDKROOT = iphoneos;
				SWIFT_OPTIMIZATION_LEVEL = "-Onone";
			};
			name = Debug;
		};
		8D3254FD1BDB203300B2D7E8 /* Release */ = {
			isa = XCBuildConfiguration;
			buildSettings = {
				ALWAYS_SEARCH_USER_PATHS = NO;
				CLANG_CXX_LANGUAGE_STANDARD = "gnu++0x";
				CLANG_CXX_LIBRARY = "libc++";
				CLANG_ENABLE_MODULES = YES;
				CLANG_ENABLE_OBJC_ARC = YES;
				CLANG_WARN_BOOL_CONVERSION = YES;
				CLANG_WARN_CONSTANT_CONVERSION = YES;
				CLANG_WARN_DIRECT_OBJC_ISA_USAGE = YES_ERROR;
				CLANG_WARN_EMPTY_BODY = YES;
				CLANG_WARN_ENUM_CONVERSION = YES;
				CLANG_WARN_INT_CONVERSION = YES;
				CLANG_WARN_OBJC_ROOT_CLASS = YES_ERROR;
				CLANG_WARN_UNREACHABLE_CODE = YES;
				CLANG_WARN__DUPLICATE_METHOD_MATCH = YES;
				"CODE_SIGN_IDENTITY[sdk=iphoneos*]" = "iPhone Developer";
				COPY_PHASE_STRIP = NO;
				DEBUG_INFORMATION_FORMAT = "dwarf-with-dsym";
				ENABLE_NS_ASSERTIONS = NO;
				ENABLE_STRICT_OBJC_MSGSEND = YES;
				GCC_C_LANGUAGE_STANDARD = gnu99;
				GCC_NO_COMMON_BLOCKS = YES;
				GCC_WARN_64_TO_32_BIT_CONVERSION = YES;
				GCC_WARN_ABOUT_RETURN_TYPE = YES_ERROR;
				GCC_WARN_UNDECLARED_SELECTOR = YES;
				GCC_WARN_UNINITIALIZED_AUTOS = YES_AGGRESSIVE;
				GCC_WARN_UNUSED_FUNCTION = YES;
				GCC_WARN_UNUSED_VARIABLE = YES;
				IPHONEOS_DEPLOYMENT_TARGET = 9.1;
				MTL_ENABLE_DEBUG_INFO = NO;
				SDKROOT = iphoneos;
				VALIDATE_PRODUCT = YES;
			};
			name = Release;
		};
		8D3254FF1BDB203300B2D7E8 /* Debug */ = {
			isa = XCBuildConfiguration;
			buildSettings = {
				ASSETCATALOG_COMPILER_APPICON_NAME = AppIcon;
				INFOPLIST_FILE = PitchPerfect/Info.plist;
				LD_RUNPATH_SEARCH_PATHS = "$(inherited) @executable_path/Frameworks";
				PRODUCT_BUNDLE_IDENTIFIER = com.Clarali.PitchPerfect;
				PRODUCT_NAME = "$(TARGET_NAME)";
			};
			name = Debug;
		};
		8D3255001BDB203300B2D7E8 /* Release */ = {
			isa = XCBuildConfiguration;
			buildSettings = {
				ASSETCATALOG_COMPILER_APPICON_NAME = AppIcon;
				INFOPLIST_FILE = PitchPerfect/Info.plist;
				LD_RUNPATH_SEARCH_PATHS = "$(inherited) @executable_path/Frameworks";
				PRODUCT_BUNDLE_IDENTIFIER = com.Clarali.PitchPerfect;
				PRODUCT_NAME = "$(TARGET_NAME)";
			};
			name = Release;
		};
		8D3255021BDB203300B2D7E8 /* Debug */ = {
			isa = XCBuildConfiguration;
			buildSettings = {
				BUNDLE_LOADER = "$(TEST_HOST)";
				INFOPLIST_FILE = PitchPerfectTests/Info.plist;
				LD_RUNPATH_SEARCH_PATHS = "$(inherited) @executable_path/Frameworks @loader_path/Frameworks";
				PRODUCT_BUNDLE_IDENTIFIER = com.Clarali.PitchPerfectTests;
				PRODUCT_NAME = "$(TARGET_NAME)";
				TEST_HOST = "$(BUILT_PRODUCTS_DIR)/PitchPerfect.app/PitchPerfect";
			};
			name = Debug;
		};
		8D3255031BDB203300B2D7E8 /* Release */ = {
			isa = XCBuildConfiguration;
			buildSettings = {
				BUNDLE_LOADER = "$(TEST_HOST)";
				INFOPLIST_FILE = PitchPerfectTests/Info.plist;
				LD_RUNPATH_SEARCH_PATHS = "$(inherited) @executable_path/Frameworks @loader_path/Frameworks";
				PRODUCT_BUNDLE_IDENTIFIER = com.Clarali.PitchPerfectTests;
				PRODUCT_NAME = "$(TARGET_NAME)";
				TEST_HOST = "$(BUILT_PRODUCTS_DIR)/PitchPerfect.app/PitchPerfect";
			};
			name = Release;
		};
		8D3255051BDB203300B2D7E8 /* Debug */ = {
			isa = XCBuildConfiguration;
			buildSettings = {
				INFOPLIST_FILE = PitchPerfectUITests/Info.plist;
				LD_RUNPATH_SEARCH_PATHS = "$(inherited) @executable_path/Frameworks @loader_path/Frameworks";
				PRODUCT_BUNDLE_IDENTIFIER = com.Clarali.PitchPerfectUITests;
				PRODUCT_NAME = "$(TARGET_NAME)";
				TEST_TARGET_NAME = PitchPerfect;
				USES_XCTRUNNER = YES;
			};
			name = Debug;
		};
		8D3255061BDB203300B2D7E8 /* Release */ = {
			isa = XCBuildConfiguration;
			buildSettings = {
				INFOPLIST_FILE = PitchPerfectUITests/Info.plist;
				LD_RUNPATH_SEARCH_PATHS = "$(inherited) @executable_path/Frameworks @loader_path/Frameworks";
				PRODUCT_BUNDLE_IDENTIFIER = com.Clarali.PitchPerfectUITests;
				PRODUCT_NAME = "$(TARGET_NAME)";
				TEST_TARGET_NAME = PitchPerfect;
				USES_XCTRUNNER = YES;
			};
			name = Release;
		};
/* End XCBuildConfiguration section */

/* Begin XCConfigurationList section */
		8D3254D11BDB203200B2D7E8 /* Build configuration list for PBXProject "PitchPerfect" */ = {
			isa = XCConfigurationList;
			buildConfigurations = (
				8D3254FC1BDB203300B2D7E8 /* Debug */,
				8D3254FD1BDB203300B2D7E8 /* Release */,
			);
			defaultConfigurationIsVisible = 0;
			defaultConfigurationName = Release;
		};
		8D3254FE1BDB203300B2D7E8 /* Build configuration list for PBXNativeTarget "PitchPerfect" */ = {
			isa = XCConfigurationList;
			buildConfigurations = (
				8D3254FF1BDB203300B2D7E8 /* Debug */,
				8D3255001BDB203300B2D7E8 /* Release */,
			);
			defaultConfigurationIsVisible = 0;
			defaultConfigurationName = Release;
		};
		8D3255011BDB203300B2D7E8 /* Build configuration list for PBXNativeTarget "PitchPerfectTests" */ = {
			isa = XCConfigurationList;
			buildConfigurations = (
				8D3255021BDB203300B2D7E8 /* Debug */,
				8D3255031BDB203300B2D7E8 /* Release */,
			);
			defaultConfigurationIsVisible = 0;
			defaultConfigurationName = Release;
		};
		8D3255041BDB203300B2D7E8 /* Build configuration list for PBXNativeTarget "PitchPerfectUITests" */ = {
			isa = XCConfigurationList;
			buildConfigurations = (
				8D3255051BDB203300B2D7E8 /* Debug */,
				8D3255061BDB203300B2D7E8 /* Release */,
			);
			defaultConfigurationIsVisible = 0;
			defaultConfigurationName = Release;
		};
/* End XCConfigurationList section */
	};
	rootObject = 8D3254CE1BDB203200B2D7E8 /* Project object */;
}
